
Microsoft Visual Studio Solution File, Format Version 12.00
Project("{FAE04EC0-301F-11D3-BF4B-00C04F79EFBC}") = "Energix.API", "Energix.API.csproj", "{215B60F1-810A-4D41-99BA-CD4CCCB911CF}"
EndProject
Global
	GlobalSection(SolutionConfigurationPlatforms) = preSolution
		Debug|Any CPU = Debug|Any CPU
		Release|Any CPU = Release|Any CPU
	EndGlobalSection
	GlobalSection(ProjectConfigurationPlatforms) = postSolution
		{215B60F1-810A-4D41-99BA-CD4CCCB911CF}.Debug|Any CPU.ActiveCfg = Debug|Any CPU
		{215B60F1-810A-4D41-99BA-CD4CCCB911CF}.Debug|Any CPU.Build.0 = Debug|Any CPU
		{215B60F1-810A-4D41-99BA-CD4CCCB911CF}.Release|Any CPU.ActiveCfg = Release|Any CPU
		{215B60F1-810A-4D41-99BA-CD4CCCB911CF}.Release|Any CPU.Build.0 = Release|Any CPU
	EndGlobalSection
EndGlobal
